
Microsoft Visual Studio Solution File, Format Version 12.00
# Visual Studio Version 17
VisualStudioVersion = 17.13.35818.85
MinimumVisualStudioVersion = 10.0.40219.1
Project("{2150E333-8FDC-42A3-9474-1A3956D46DE8}") = "src", "src", "{02EA681E-C7D8-13C7-8484-4AC65E1B71E8}"
EndProject
Project("{2150E333-8FDC-42A3-9474-1A3956D46DE8}") = "tests", "tests", "{23311504-CAE9-45E8-AA7A-AF1750711B3E}"
EndProject
Project("{2150E333-8FDC-42A3-9474-1A3956D46DE8}") = "Backend", "Backend", "{085A14EF-BB2B-4536-A058-71FC8618D5CC}"
EndProject
Project("{2150E333-8FDC-42A3-9474-1A3956D46DE8}") = "Shared", "Shared", "{4699964C-E44A-49D4-95D7-664FBC6AFB4D}"
EndProject
Project("{2150E333-8FDC-42A3-9474-1A3956D46DE8}") = "Frontend", "Frontend", "{0C90D555-FCAB-4819-B039-5121AD151071}"
EndProject
Project("{FAE04EC0-301F-11D3-BF4B-00C04F79EFBC}") = "MyRecipeBook.API", "src\Backend\MyRecipeBook.API\MyRecipeBook.API.csproj", "{15BEDEFB-C864-41BF-8914-C7546AD1864B}"
EndProject
Project("{FAE04EC0-301F-11D3-BF4B-00C04F79EFBC}") = "MyRecipeBook.Communication", "src\Shared\MyRecipeBook.Communication\MyRecipeBook.Communication.csproj", "{EA13C833-6CF0-47F7-B5A3-8F5EDBCDC55E}"
EndProject
Project("{FAE04EC0-301F-11D3-BF4B-00C04F79EFBC}") = "MyRecipeBook.Application", "src\Backend\MyRecipeBook.Application\MyRecipeBook.Application.csproj", "{5A61FD6E-31A8-44B7-92EC-C890E02B7579}"
EndProject
Project("{FAE04EC0-301F-11D3-BF4B-00C04F79EFBC}") = "MyRecipeBook.Domain", "src\Backend\MyRecipeBook.Domain\MyRecipeBook.Domain.csproj", "{8361DCD0-2DEB-460C-B46A-E55FF1683E05}"
EndProject
Project("{FAE04EC0-301F-11D3-BF4B-00C04F79EFBC}") = "MyRecipeBook.Infrastructure", "src\Backend\MyRecipeBook.Infrastructure\MyRecipeBook.Infrastructure.csproj", "{D573D9CF-569C-4FA9-9E6E-A64111011424}"
EndProject
Project("{FAE04EC0-301F-11D3-BF4B-00C04F79EFBC}") = "MyRecipeBook.Exceptions", "src\Shared\MyRecipeBook.Exceptions\MyRecipeBook.Exceptions.csproj", "{F6CB32CB-6E0D-4C6E-B2D3-993F8F0BFBFF}"
EndProject
Project("{FAE04EC0-301F-11D3-BF4B-00C04F79EFBC}") = "Validators.Test", "tests\Validators.Test\Validators.Test.csproj", "{03636FF1-13A1-4C49-9AA8-A2722AC6E8FD}"
EndProject
Project("{FAE04EC0-301F-11D3-BF4B-00C04F79EFBC}") = "CommonTestUtilities", "tests\CommonTestUtilities\CommonTestUtilities.csproj", "{51FC7938-DB12-46E2-9AD3-B9C9E3B4DB80}"
EndProject
Project("{FAE04EC0-301F-11D3-BF4B-00C04F79EFBC}") = "UseCases.Test", "tests\UseCases.Test\UseCases.Test.csproj", "{0F3ECA85-7138-43F2-B0C6-71CC8BCCA599}"
EndProject
Project("{FAE04EC0-301F-11D3-BF4B-00C04F79EFBC}") = "WebApi.Test", "tests\WebApi.Test\WebApi.Test.csproj", "{DE2852FE-B219-4DCA-8F27-D62F21E29CBD}"
EndProject
Project("{FAE04EC0-301F-11D3-BF4B-00C04F79EFBC}") = "MyRecipeBook.Enums", "src\Shared\MyRecipeBook.Enums\MyRecipeBook.Enums.csproj", "{83334B00-8DEA-4ED8-BE36-968D923BF15F}"
EndProject
Project("{FAE04EC0-301F-11D3-BF4B-00C04F79EFBC}") = "MyRecipeBook.Site", "src\Frontend\MyRecipeBook.Site\MyRecipeBook.Site.csproj", "{9633A383-F5D2-E00E-6A89-C3C0006AEF92}"
EndProject
Project("{FAE04EC0-301F-11D3-BF4B-00C04F79EFBC}") = "MyRecipeBook.CrossCutting", "src\Backend\MyRecipeBook.CrossCutting\MyRecipeBook.CrossCutting.csproj", "{16669314-88F1-FF7D-E063-D7D868931AE2}"
EndProject
Global
	GlobalSection(SolutionConfigurationPlatforms) = preSolution
		Debug|Any CPU = Debug|Any CPU
		Release|Any CPU = Release|Any CPU
	EndGlobalSection
	GlobalSection(ProjectConfigurationPlatforms) = postSolution
		{15BEDEFB-C864-41BF-8914-C7546AD1864B}.Debug|Any CPU.ActiveCfg = Debug|Any CPU
		{15BEDEFB-C864-41BF-8914-C7546AD1864B}.Debug|Any CPU.Build.0 = Debug|Any CPU
		{15BEDEFB-C864-41BF-8914-C7546AD1864B}.Release|Any CPU.ActiveCfg = Release|Any CPU
		{15BEDEFB-C864-41BF-8914-C7546AD1864B}.Release|Any CPU.Build.0 = Release|Any CPU
		{EA13C833-6CF0-47F7-B5A3-8F5EDBCDC55E}.Debug|Any CPU.ActiveCfg = Debug|Any CPU
		{EA13C833-6CF0-47F7-B5A3-8F5EDBCDC55E}.Debug|Any CPU.Build.0 = Debug|Any CPU
		{EA13C833-6CF0-47F7-B5A3-8F5EDBCDC55E}.Release|Any CPU.ActiveCfg = Release|Any CPU
		{EA13C833-6CF0-47F7-B5A3-8F5EDBCDC55E}.Release|Any CPU.Build.0 = Release|Any CPU
		{5A61FD6E-31A8-44B7-92EC-C890E02B7579}.Debug|Any CPU.ActiveCfg = Debug|Any CPU
		{5A61FD6E-31A8-44B7-92EC-C890E02B7579}.Debug|Any CPU.Build.0 = Debug|Any CPU
		{5A61FD6E-31A8-44B7-92EC-C890E02B7579}.Release|Any CPU.ActiveCfg = Release|Any CPU
		{5A61FD6E-31A8-44B7-92EC-C890E02B7579}.Release|Any CPU.Build.0 = Release|Any CPU
		{8361DCD0-2DEB-460C-B46A-E55FF1683E05}.Debug|Any CPU.ActiveCfg = Debug|Any CPU
		{8361DCD0-2DEB-460C-B46A-E55FF1683E05}.Debug|Any CPU.Build.0 = Debug|Any CPU
		{8361DCD0-2DEB-460C-B46A-E55FF1683E05}.Release|Any CPU.ActiveCfg = Release|Any CPU
		{8361DCD0-2DEB-460C-B46A-E55FF1683E05}.Release|Any CPU.Build.0 = Release|Any CPU
		{D573D9CF-569C-4FA9-9E6E-A64111011424}.Debug|Any CPU.ActiveCfg = Debug|Any CPU
		{D573D9CF-569C-4FA9-9E6E-A64111011424}.Debug|Any CPU.Build.0 = Debug|Any CPU
		{D573D9CF-569C-4FA9-9E6E-A64111011424}.Release|Any CPU.ActiveCfg = Release|Any CPU
		{D573D9CF-569C-4FA9-9E6E-A64111011424}.Release|Any CPU.Build.0 = Release|Any CPU
		{F6CB32CB-6E0D-4C6E-B2D3-993F8F0BFBFF}.Debug|Any CPU.ActiveCfg = Debug|Any CPU
		{F6CB32CB-6E0D-4C6E-B2D3-993F8F0BFBFF}.Debug|Any CPU.Build.0 = Debug|Any CPU
		{F6CB32CB-6E0D-4C6E-B2D3-993F8F0BFBFF}.Release|Any CPU.ActiveCfg = Release|Any CPU
		{F6CB32CB-6E0D-4C6E-B2D3-993F8F0BFBFF}.Release|Any CPU.Build.0 = Release|Any CPU
		{03636FF1-13A1-4C49-9AA8-A2722AC6E8FD}.Debug|Any CPU.ActiveCfg = Debug|Any CPU
		{03636FF1-13A1-4C49-9AA8-A2722AC6E8FD}.Debug|Any CPU.Build.0 = Debug|Any CPU
		{03636FF1-13A1-4C49-9AA8-A2722AC6E8FD}.Release|Any CPU.ActiveCfg = Release|Any CPU
		{03636FF1-13A1-4C49-9AA8-A2722AC6E8FD}.Release|Any CPU.Build.0 = Release|Any CPU
		{51FC7938-DB12-46E2-9AD3-B9C9E3B4DB80}.Debug|Any CPU.ActiveCfg = Debug|Any CPU
		{51FC7938-DB12-46E2-9AD3-B9C9E3B4DB80}.Debug|Any CPU.Build.0 = Debug|Any CPU
		{51FC7938-DB12-46E2-9AD3-B9C9E3B4DB80}.Release|Any CPU.ActiveCfg = Release|Any CPU
		{51FC7938-DB12-46E2-9AD3-B9C9E3B4DB80}.Release|Any CPU.Build.0 = Release|Any CPU
		{0F3ECA85-7138-43F2-B0C6-71CC8BCCA599}.Debug|Any CPU.ActiveCfg = Debug|Any CPU
		{0F3ECA85-7138-43F2-B0C6-71CC8BCCA599}.Debug|Any CPU.Build.0 = Debug|Any CPU
		{0F3ECA85-7138-43F2-B0C6-71CC8BCCA599}.Release|Any CPU.ActiveCfg = Release|Any CPU
		{0F3ECA85-7138-43F2-B0C6-71CC8BCCA599}.Release|Any CPU.Build.0 = Release|Any CPU
		{DE2852FE-B219-4DCA-8F27-D62F21E29CBD}.Debug|Any CPU.ActiveCfg = Debug|Any CPU
		{DE2852FE-B219-4DCA-8F27-D62F21E29CBD}.Debug|Any CPU.Build.0 = Debug|Any CPU
		{DE2852FE-B219-4DCA-8F27-D62F21E29CBD}.Release|Any CPU.ActiveCfg = Release|Any CPU
		{DE2852FE-B219-4DCA-8F27-D62F21E29CBD}.Release|Any CPU.Build.0 = Release|Any CPU
		{83334B00-8DEA-4ED8-BE36-968D923BF15F}.Debug|Any CPU.ActiveCfg = Debug|Any CPU
		{83334B00-8DEA-4ED8-BE36-968D923BF15F}.Debug|Any CPU.Build.0 = Debug|Any CPU
		{83334B00-8DEA-4ED8-BE36-968D923BF15F}.Release|Any CPU.ActiveCfg = Release|Any CPU
		{83334B00-8DEA-4ED8-BE36-968D923BF15F}.Release|Any CPU.Build.0 = Release|Any CPU
		{9633A383-F5D2-E00E-6A89-C3C0006AEF92}.Debug|Any CPU.ActiveCfg = Debug|Any CPU
		{9633A383-F5D2-E00E-6A89-C3C0006AEF92}.Debug|Any CPU.Build.0 = Debug|Any CPU
		{9633A383-F5D2-E00E-6A89-C3C0006AEF92}.Release|Any CPU.ActiveCfg = Release|Any CPU
		{9633A383-F5D2-E00E-6A89-C3C0006AEF92}.Release|Any CPU.Build.0 = Release|Any CPU
		{16669314-88F1-FF7D-E063-D7D868931AE2}.Debug|Any CPU.ActiveCfg = Debug|Any CPU
		{16669314-88F1-FF7D-E063-D7D868931AE2}.Debug|Any CPU.Build.0 = Debug|Any CPU
		{16669314-88F1-FF7D-E063-D7D868931AE2}.Release|Any CPU.ActiveCfg = Release|Any CPU
		{16669314-88F1-FF7D-E063-D7D868931AE2}.Release|Any CPU.Build.0 = Release|Any CPU
	EndGlobalSection
	GlobalSection(SolutionProperties) = preSolution
		HideSolutionNode = FALSE
	EndGlobalSection
	GlobalSection(NestedProjects) = preSolution
		{085A14EF-BB2B-4536-A058-71FC8618D5CC} = {02EA681E-C7D8-13C7-8484-4AC65E1B71E8}
		{4699964C-E44A-49D4-95D7-664FBC6AFB4D} = {02EA681E-C7D8-13C7-8484-4AC65E1B71E8}
		{0C90D555-FCAB-4819-B039-5121AD151071} = {02EA681E-C7D8-13C7-8484-4AC65E1B71E8}
		{15BEDEFB-C864-41BF-8914-C7546AD1864B} = {085A14EF-BB2B-4536-A058-71FC8618D5CC}
		{EA13C833-6CF0-47F7-B5A3-8F5EDBCDC55E} = {4699964C-E44A-49D4-95D7-664FBC6AFB4D}
		{5A61FD6E-31A8-44B7-92EC-C890E02B7579} = {085A14EF-BB2B-4536-A058-71FC8618D5CC}
		{8361DCD0-2DEB-460C-B46A-E55FF1683E05} = {085A14EF-BB2B-4536-A058-71FC8618D5CC}
		{D573D9CF-569C-4FA9-9E6E-A64111011424} = {085A14EF-BB2B-4536-A058-71FC8618D5CC}
		{F6CB32CB-6E0D-4C6E-B2D3-993F8F0BFBFF} = {4699964C-E44A-49D4-95D7-664FBC6AFB4D}
		{03636FF1-13A1-4C49-9AA8-A2722AC6E8FD} = {23311504-CAE9-45E8-AA7A-AF1750711B3E}
		{51FC7938-DB12-46E2-9AD3-B9C9E3B4DB80} = {23311504-CAE9-45E8-AA7A-AF1750711B3E}
		{0F3ECA85-7138-43F2-B0C6-71CC8BCCA599} = {23311504-CAE9-45E8-AA7A-AF1750711B3E}
		{DE2852FE-B219-4DCA-8F27-D62F21E29CBD} = {23311504-CAE9-45E8-AA7A-AF1750711B3E}
		{83334B00-8DEA-4ED8-BE36-968D923BF15F} = {4699964C-E44A-49D4-95D7-664FBC6AFB4D}
		{9633A383-F5D2-E00E-6A89-C3C0006AEF92} = {0C90D555-FCAB-4819-B039-5121AD151071}
		{16669314-88F1-FF7D-E063-D7D868931AE2} = {085A14EF-BB2B-4536-A058-71FC8618D5CC}
	EndGlobalSection
	GlobalSection(ExtensibilityGlobals) = postSolution
		SolutionGuid = {EB2B117C-E4D6-4D42-BCDA-BD0EDF104454}
	EndGlobalSection
EndGlobal
